
Microsoft Visual Studio Solution File, Format Version 12.00
# Visual Studio Version 16
VisualStudioVersion = 16.0.31515.178
MinimumVisualStudioVersion = 10.0.40219.1
Project("{FAE04EC0-301F-11D3-BF4B-00C04F79EFBC}") = "AspDotNetFive", "AspDotNetFive\AspDotNetFive.csproj", "{EB999E22-14D3-41E7-90AC-C41675D6C64F}"
EndProject
Global
	GlobalSection(SolutionConfigurationPlatforms) = preSolution
		Debug|Any CPU = Debug|Any CPU
		Release|Any CPU = Release|Any CPU
	EndGlobalSection
	GlobalSection(ProjectConfigurationPlatforms) = postSolution
		{EB999E22-14D3-41E7-90AC-C41675D6C64F}.Debug|Any CPU.ActiveCfg = Debug|Any CPU
		{EB999E22-14D3-41E7-90AC-C41675D6C64F}.Debug|Any CPU.Build.0 = Debug|Any CPU
		{EB999E22-14D3-41E7-90AC-C41675D6C64F}.Release|Any CPU.ActiveCfg = Release|Any CPU
		{EB999E22-14D3-41E7-90AC-C41675D6C64F}.Release|Any CPU.Build.0 = Release|Any CPU
	EndGlobalSection
	GlobalSection(SolutionProperties) = preSolution
		HideSolutionNode = FALSE
	EndGlobalSection
	GlobalSection(ExtensibilityGlobals) = postSolution
		SolutionGuid = {641253F8-BE0F-462D-9682-DD98441828AE}
	EndGlobalSection
EndGlobal
